
Microsoft Visual Studio Solution File, Format Version 12.00
# Visual Studio Version 17
VisualStudioVersion = 17.5.002.0
MinimumVisualStudioVersion = 10.0.40219.1
Project("{2150E333-8FDC-42A3-9474-1A3956D46DE8}") = "01-getting-started", "01-getting-started", "{C76B3D50-99D2-4A29-B887-2FA1463F2536}"
EndProject
Project("{2150E333-8FDC-42A3-9474-1A3956D46DE8}") = "C-Sharp", "C-Sharp", "{F634E1BB-2CAE-4600-8E90-FCE44DF2AAD6}"
EndProject
Project("{9A19103F-16F7-4668-BE54-9A1E7A4F7556}") = "rest_client", "01-getting-started\C-Sharp\rest-client\rest_client.csproj", "{661F75EB-FF40-4A12-8085-01C328651907}"
EndProject
Project("{9A19103F-16F7-4668-BE54-9A1E7A4F7556}") = "sdk-client", "01-getting-started\C-Sharp\sdk-client\sdk-client.csproj", "{5108C01F-484E-4F92-887B-E64F2FE4CFBA}"
EndProject
Project("{2150E333-8FDC-42A3-9474-1A3956D46DE8}") = "02-cognitive-security", "02-cognitive-security", "{9616EAB7-B8B5-4DFA-8469-46DD85DDF273}"
EndProject
Project("{2150E333-8FDC-42A3-9474-1A3956D46DE8}") = "C-Sharp", "C-Sharp", "{1F849FE6-B72C-48F0-A546-2791B65F6501}"
EndProject
Project("{9A19103F-16F7-4668-BE54-9A1E7A4F7556}") = "keyvault_client", "02-cognitive-security\C-Sharp\keyvault_client\keyvault_client.csproj", "{39D38B0F-0277-4CE5-9285-80C5FD8BAB8F}"
EndProject
Project("{2150E333-8FDC-42A3-9474-1A3956D46DE8}") = "05-analyze-text", "05-analyze-text", "{49FCB61F-DB2C-4AB1-BD0C-3EDE8EAE1D27}"
EndProject
Project("{2150E333-8FDC-42A3-9474-1A3956D46DE8}") = "C-Sharp", "C-Sharp", "{0E066ADB-C868-40DD-8981-1CBBB2E3AF42}"
EndProject
Project("{9A19103F-16F7-4668-BE54-9A1E7A4F7556}") = "text-analysis", "05-analyze-text\C-Sharp\text-analysis\text-analysis.csproj", "{FB89BCE5-025C-4777-802A-BCBB8F5BF3CA}"
EndProject
Project("{2150E333-8FDC-42A3-9474-1A3956D46DE8}") = "06-translate-text", "06-translate-text", "{8F881994-06C9-4938-953E-389777C04CE3}"
EndProject
Project("{2150E333-8FDC-42A3-9474-1A3956D46DE8}") = "C-Sharp", "C-Sharp", "{87554F05-9327-441A-9514-CDD629085359}"
EndProject
Project("{9A19103F-16F7-4668-BE54-9A1E7A4F7556}") = "translate_text", "06-translate-text\C-Sharp\text-translation\translate_text.csproj", "{DFF93BEF-F39A-4113-BB71-4D2D69890732}"
EndProject
Project("{2150E333-8FDC-42A3-9474-1A3956D46DE8}") = "07-speech", "07-speech", "{2BA6DE94-2555-4F9F-8923-3E051E5FD2A4}"
EndProject
Project("{2150E333-8FDC-42A3-9474-1A3956D46DE8}") = "C-Sharp", "C-Sharp", "{8186AC70-71E9-4AC0-9EFE-107A38DE1A73}"
EndProject
Project("{9A19103F-16F7-4668-BE54-9A1E7A4F7556}") = "speaking-clock", "07-speech\C-Sharp\speaking-clock\speaking-clock.csproj", "{FEE31D60-C8A3-40E8-B852-00D74410E07C}"
EndProject
Project("{2150E333-8FDC-42A3-9474-1A3956D46DE8}") = "08-speech-translation", "08-speech-translation", "{6DF517EE-1EAF-4525-A4D5-D7EB20815C5F}"
EndProject
Project("{2150E333-8FDC-42A3-9474-1A3956D46DE8}") = "C-Sharp", "C-Sharp", "{91F3B45E-024E-453B-B996-BAACD06F6352}"
EndProject
Project("{9A19103F-16F7-4668-BE54-9A1E7A4F7556}") = "translator", "08-speech-translation\C-Sharp\translator\translator.csproj", "{3CC42380-791F-44CE-AD24-8703471AC3F2}"
EndProject
Project("{2150E333-8FDC-42A3-9474-1A3956D46DE8}") = "10b-clu-client-(preview)", "10b-clu-client-(preview)", "{A5D813ED-7482-4E6A-8FDD-A4D0CAB2C532}"
EndProject
Project("{2150E333-8FDC-42A3-9474-1A3956D46DE8}") = "C-Sharp", "C-Sharp", "{E96B8087-03CC-4D30-8A5D-15B92D161C28}"
EndProject
Project("{9A19103F-16F7-4668-BE54-9A1E7A4F7556}") = "clock_client", "10b-clu-client-(preview)\C-Sharp\clock-client\clock_client.csproj", "{C7A88DA0-CA9C-4688-9195-27696292974D}"
EndProject
Project("{2150E333-8FDC-42A3-9474-1A3956D46DE8}") = "11-luis-speech", "11-luis-speech", "{458AF9FA-7846-4028-A754-D8125E0C24AF}"
EndProject
Project("{2150E333-8FDC-42A3-9474-1A3956D46DE8}") = "C-Sharp", "C-Sharp", "{2DAFC476-6DD2-4F38-A484-510C36BAAFF3}"
EndProject
Project("{9A19103F-16F7-4668-BE54-9A1E7A4F7556}") = "speaking_clock_client", "11-luis-speech\C-Sharp\speaking-clock-client\speaking_clock_client.csproj", "{7494C29F-68A5-4449-8612-D7804523B77B}"
EndProject
Project("{2150E333-8FDC-42A3-9474-1A3956D46DE8}") = "15-computer-vision", "15-computer-vision", "{B25017B6-5351-41EB-8D98-230A391E3F81}"
EndProject
Project("{2150E333-8FDC-42A3-9474-1A3956D46DE8}") = "C-Sharp", "C-Sharp", "{141EBB14-9535-4BCC-9752-2CDDFC91CEBB}"
EndProject
Project("{9A19103F-16F7-4668-BE54-9A1E7A4F7556}") = "image-analysis", "15-computer-vision\C-Sharp\image-analysis\image-analysis.csproj", "{8CC9D31F-5506-4A46-832D-D8581D4A3C1A}"
EndProject
Project("{2150E333-8FDC-42A3-9474-1A3956D46DE8}") = "17-image-classification", "17-image-classification", "{10D1F35E-3858-42C2-BB65-7686D98741AA}"
EndProject
Project("{2150E333-8FDC-42A3-9474-1A3956D46DE8}") = "C-Sharp", "C-Sharp", "{41A03C82-8404-4ED7-B7AC-EE156EE9AF68}"
EndProject
Project("{9A19103F-16F7-4668-BE54-9A1E7A4F7556}") = "test-classifier", "17-image-classification\C-Sharp\test-classifier\test-classifier.csproj", "{850FD2B0-552A-4515-81C8-BAA8DD0072B5}"
EndProject
Project("{9A19103F-16F7-4668-BE54-9A1E7A4F7556}") = "train-classifier", "17-image-classification\C-Sharp\train-classifier\train-classifier.csproj", "{FB4ED535-AA0E-4CC9-B9BF-CAA335CEFD33}"
EndProject
Project("{2150E333-8FDC-42A3-9474-1A3956D46DE8}") = "18-object-detection", "18-object-detection", "{2CA58BFC-ED2B-4CE9-B60B-425ADB37B515}"
EndProject
Project("{2150E333-8FDC-42A3-9474-1A3956D46DE8}") = "C-Sharp", "C-Sharp", "{B01EDB55-5FEC-4076-823D-69ABF0DD431C}"
EndProject
Project("{9A19103F-16F7-4668-BE54-9A1E7A4F7556}") = "test-detector", "18-object-detection\C-Sharp\test-detector\test-detector.csproj", "{A0646CD5-1D17-40A4-BFD2-1F0D31092F21}"
EndProject
Project("{9A19103F-16F7-4668-BE54-9A1E7A4F7556}") = "train-detector", "18-object-detection\C-Sharp\train-detector\train-detector.csproj", "{D35965F3-2551-4E99-A3C6-513CAAB45F6B}"
EndProject
Project("{2150E333-8FDC-42A3-9474-1A3956D46DE8}") = "19-face", "19-face", "{DD41B0E0-ACF9-443D-B356-B048BB7F65E6}"
EndProject
Project("{2150E333-8FDC-42A3-9474-1A3956D46DE8}") = "C-Sharp", "C-Sharp", "{0A25F3AE-DC89-43F9-A763-ECA092D3FD4F}"
EndProject
Project("{9A19103F-16F7-4668-BE54-9A1E7A4F7556}") = "detect-faces", "19-face\C-Sharp\computer-vision\detect-faces.csproj", "{7A1E70CF-DD24-4C1C-ACE2-8025B020A34D}"
EndProject
Project("{9A19103F-16F7-4668-BE54-9A1E7A4F7556}") = "analyze-faces", "19-face\C-Sharp\face-api\analyze-faces.csproj", "{5AD17F41-EF27-4F45-B461-AC28234F747D}"
EndProject
Project("{2150E333-8FDC-42A3-9474-1A3956D46DE8}") = "20-ocr", "20-ocr", "{D541D117-8C29-40E3-8FA1-ABE993C9A5CD}"
EndProject
Project("{2150E333-8FDC-42A3-9474-1A3956D46DE8}") = "C-Sharp", "C-Sharp", "{78774279-F0D0-4FF6-962D-B35A80CBD671}"
EndProject
Project("{9A19103F-16F7-4668-BE54-9A1E7A4F7556}") = "read-text", "20-ocr\C-Sharp\read-text\read-text.csproj", "{E00D3CF8-4989-4B40-8D12-6CCCE0E71AC8}"
EndProject
Project("{2150E333-8FDC-42A3-9474-1A3956D46DE8}") = "21-custom-form", "21-custom-form", "{AE75B051-FFE1-4F68-879C-3EB9B505EE43}"
EndProject
Project("{2150E333-8FDC-42A3-9474-1A3956D46DE8}") = "C-Sharp", "C-Sharp", "{1CD264B2-715B-4F7F-BDDF-4DF35D78C6AC}"
EndProject
Project("{9A19103F-16F7-4668-BE54-9A1E7A4F7556}") = "test-model", "21-custom-form\C-Sharp\test-model\test-model.csproj", "{4DDB82FF-D0A1-4D30-9337-AB6E41F469B2}"
EndProject
Project("{9A19103F-16F7-4668-BE54-9A1E7A4F7556}") = "train-model", "21-custom-form\C-Sharp\train-model\train-model.csproj", "{78812403-AC47-4C62-94CF-5852DDF8A726}"
EndProject
Project("{2150E333-8FDC-42A3-9474-1A3956D46DE8}") = "22-Create-a-search-solution", "22-Create-a-search-solution", "{9013390A-5B02-45FD-93AE-9AD159FB9094}"
EndProject
Project("{2150E333-8FDC-42A3-9474-1A3956D46DE8}") = "C-Sharp", "C-Sharp", "{2EC6613C-831F-4C99-8CDA-921BA093C0EA}"
EndProject
Project("{9A19103F-16F7-4668-BE54-9A1E7A4F7556}") = "search-client", "22-Create-a-search-solution\C-Sharp\margies-travel\search-client.csproj", "{61D4D425-ADFC-4482-8783-079A6E662EE9}"
EndProject
Global
	GlobalSection(SolutionConfigurationPlatforms) = preSolution
		Debug|Any CPU = Debug|Any CPU
		Release|Any CPU = Release|Any CPU
	EndGlobalSection
	GlobalSection(ProjectConfigurationPlatforms) = postSolution
		{661F75EB-FF40-4A12-8085-01C328651907}.Debug|Any CPU.ActiveCfg = Debug|Any CPU
		{661F75EB-FF40-4A12-8085-01C328651907}.Debug|Any CPU.Build.0 = Debug|Any CPU
		{661F75EB-FF40-4A12-8085-01C328651907}.Release|Any CPU.ActiveCfg = Release|Any CPU
		{661F75EB-FF40-4A12-8085-01C328651907}.Release|Any CPU.Build.0 = Release|Any CPU
		{5108C01F-484E-4F92-887B-E64F2FE4CFBA}.Debug|Any CPU.ActiveCfg = Debug|Any CPU
		{5108C01F-484E-4F92-887B-E64F2FE4CFBA}.Debug|Any CPU.Build.0 = Debug|Any CPU
		{5108C01F-484E-4F92-887B-E64F2FE4CFBA}.Release|Any CPU.ActiveCfg = Release|Any CPU
		{5108C01F-484E-4F92-887B-E64F2FE4CFBA}.Release|Any CPU.Build.0 = Release|Any CPU
		{39D38B0F-0277-4CE5-9285-80C5FD8BAB8F}.Debug|Any CPU.ActiveCfg = Debug|Any CPU
		{39D38B0F-0277-4CE5-9285-80C5FD8BAB8F}.Debug|Any CPU.Build.0 = Debug|Any CPU
		{39D38B0F-0277-4CE5-9285-80C5FD8BAB8F}.Release|Any CPU.ActiveCfg = Release|Any CPU
		{39D38B0F-0277-4CE5-9285-80C5FD8BAB8F}.Release|Any CPU.Build.0 = Release|Any CPU
		{FB89BCE5-025C-4777-802A-BCBB8F5BF3CA}.Debug|Any CPU.ActiveCfg = Debug|Any CPU
		{FB89BCE5-025C-4777-802A-BCBB8F5BF3CA}.Debug|Any CPU.Build.0 = Debug|Any CPU
		{FB89BCE5-025C-4777-802A-BCBB8F5BF3CA}.Release|Any CPU.ActiveCfg = Release|Any CPU
		{FB89BCE5-025C-4777-802A-BCBB8F5BF3CA}.Release|Any CPU.Build.0 = Release|Any CPU
		{DFF93BEF-F39A-4113-BB71-4D2D69890732}.Debug|Any CPU.ActiveCfg = Debug|Any CPU
		{DFF93BEF-F39A-4113-BB71-4D2D69890732}.Debug|Any CPU.Build.0 = Debug|Any CPU
		{DFF93BEF-F39A-4113-BB71-4D2D69890732}.Release|Any CPU.ActiveCfg = Release|Any CPU
		{DFF93BEF-F39A-4113-BB71-4D2D69890732}.Release|Any CPU.Build.0 = Release|Any CPU
		{FEE31D60-C8A3-40E8-B852-00D74410E07C}.Debug|Any CPU.ActiveCfg = Debug|Any CPU
		{FEE31D60-C8A3-40E8-B852-00D74410E07C}.Debug|Any CPU.Build.0 = Debug|Any CPU
		{FEE31D60-C8A3-40E8-B852-00D74410E07C}.Release|Any CPU.ActiveCfg = Release|Any CPU
		{FEE31D60-C8A3-40E8-B852-00D74410E07C}.Release|Any CPU.Build.0 = Release|Any CPU
		{3CC42380-791F-44CE-AD24-8703471AC3F2}.Debug|Any CPU.ActiveCfg = Debug|Any CPU
		{3CC42380-791F-44CE-AD24-8703471AC3F2}.Debug|Any CPU.Build.0 = Debug|Any CPU
		{3CC42380-791F-44CE-AD24-8703471AC3F2}.Release|Any CPU.ActiveCfg = Release|Any CPU
		{3CC42380-791F-44CE-AD24-8703471AC3F2}.Release|Any CPU.Build.0 = Release|Any CPU
		{C7A88DA0-CA9C-4688-9195-27696292974D}.Debug|Any CPU.ActiveCfg = Debug|Any CPU
		{C7A88DA0-CA9C-4688-9195-27696292974D}.Debug|Any CPU.Build.0 = Debug|Any CPU
		{C7A88DA0-CA9C-4688-9195-27696292974D}.Release|Any CPU.ActiveCfg = Release|Any CPU
		{C7A88DA0-CA9C-4688-9195-27696292974D}.Release|Any CPU.Build.0 = Release|Any CPU
		{7494C29F-68A5-4449-8612-D7804523B77B}.Debug|Any CPU.ActiveCfg = Debug|Any CPU
		{7494C29F-68A5-4449-8612-D7804523B77B}.Debug|Any CPU.Build.0 = Debug|Any CPU
		{7494C29F-68A5-4449-8612-D7804523B77B}.Release|Any CPU.ActiveCfg = Release|Any CPU
		{7494C29F-68A5-4449-8612-D7804523B77B}.Release|Any CPU.Build.0 = Release|Any CPU
		{8CC9D31F-5506-4A46-832D-D8581D4A3C1A}.Debug|Any CPU.ActiveCfg = Debug|Any CPU
		{8CC9D31F-5506-4A46-832D-D8581D4A3C1A}.Debug|Any CPU.Build.0 = Debug|Any CPU
		{8CC9D31F-5506-4A46-832D-D8581D4A3C1A}.Release|Any CPU.ActiveCfg = Release|Any CPU
		{8CC9D31F-5506-4A46-832D-D8581D4A3C1A}.Release|Any CPU.Build.0 = Release|Any CPU
		{850FD2B0-552A-4515-81C8-BAA8DD0072B5}.Debug|Any CPU.ActiveCfg = Debug|Any CPU
		{850FD2B0-552A-4515-81C8-BAA8DD0072B5}.Debug|Any CPU.Build.0 = Debug|Any CPU
		{850FD2B0-552A-4515-81C8-BAA8DD0072B5}.Release|Any CPU.ActiveCfg = Release|Any CPU
		{850FD2B0-552A-4515-81C8-BAA8DD0072B5}.Release|Any CPU.Build.0 = Release|Any CPU
		{FB4ED535-AA0E-4CC9-B9BF-CAA335CEFD33}.Debug|Any CPU.ActiveCfg = Debug|Any CPU
		{FB4ED535-AA0E-4CC9-B9BF-CAA335CEFD33}.Debug|Any CPU.Build.0 = Debug|Any CPU
		{FB4ED535-AA0E-4CC9-B9BF-CAA335CEFD33}.Release|Any CPU.ActiveCfg = Release|Any CPU
		{FB4ED535-AA0E-4CC9-B9BF-CAA335CEFD33}.Release|Any CPU.Build.0 = Release|Any CPU
		{A0646CD5-1D17-40A4-BFD2-1F0D31092F21}.Debug|Any CPU.ActiveCfg = Debug|Any CPU
		{A0646CD5-1D17-40A4-BFD2-1F0D31092F21}.Debug|Any CPU.Build.0 = Debug|Any CPU
		{A0646CD5-1D17-40A4-BFD2-1F0D31092F21}.Release|Any CPU.ActiveCfg = Release|Any CPU
		{A0646CD5-1D17-40A4-BFD2-1F0D31092F21}.Release|Any CPU.Build.0 = Release|Any CPU
		{D35965F3-2551-4E99-A3C6-513CAAB45F6B}.Debug|Any CPU.ActiveCfg = Debug|Any CPU
		{D35965F3-2551-4E99-A3C6-513CAAB45F6B}.Debug|Any CPU.Build.0 = Debug|Any CPU
		{D35965F3-2551-4E99-A3C6-513CAAB45F6B}.Release|Any CPU.ActiveCfg = Release|Any CPU
		{D35965F3-2551-4E99-A3C6-513CAAB45F6B}.Release|Any CPU.Build.0 = Release|Any CPU
		{7A1E70CF-DD24-4C1C-ACE2-8025B020A34D}.Debug|Any CPU.ActiveCfg = Debug|Any CPU
		{7A1E70CF-DD24-4C1C-ACE2-8025B020A34D}.Debug|Any CPU.Build.0 = Debug|Any CPU
		{7A1E70CF-DD24-4C1C-ACE2-8025B020A34D}.Release|Any CPU.ActiveCfg = Release|Any CPU
		{7A1E70CF-DD24-4C1C-ACE2-8025B020A34D}.Release|Any CPU.Build.0 = Release|Any CPU
		{5AD17F41-EF27-4F45-B461-AC28234F747D}.Debug|Any CPU.ActiveCfg = Debug|Any CPU
		{5AD17F41-EF27-4F45-B461-AC28234F747D}.Debug|Any CPU.Build.0 = Debug|Any CPU
		{5AD17F41-EF27-4F45-B461-AC28234F747D}.Release|Any CPU.ActiveCfg = Release|Any CPU
		{5AD17F41-EF27-4F45-B461-AC28234F747D}.Release|Any CPU.Build.0 = Release|Any CPU
		{E00D3CF8-4989-4B40-8D12-6CCCE0E71AC8}.Debug|Any CPU.ActiveCfg = Debug|Any CPU
		{E00D3CF8-4989-4B40-8D12-6CCCE0E71AC8}.Debug|Any CPU.Build.0 = Debug|Any CPU
		{E00D3CF8-4989-4B40-8D12-6CCCE0E71AC8}.Release|Any CPU.ActiveCfg = Release|Any CPU
		{E00D3CF8-4989-4B40-8D12-6CCCE0E71AC8}.Release|Any CPU.Build.0 = Release|Any CPU
		{4DDB82FF-D0A1-4D30-9337-AB6E41F469B2}.Debug|Any CPU.ActiveCfg = Debug|Any CPU
		{4DDB82FF-D0A1-4D30-9337-AB6E41F469B2}.Debug|Any CPU.Build.0 = Debug|Any CPU
		{4DDB82FF-D0A1-4D30-9337-AB6E41F469B2}.Release|Any CPU.ActiveCfg = Release|Any CPU
		{4DDB82FF-D0A1-4D30-9337-AB6E41F469B2}.Release|Any CPU.Build.0 = Release|Any CPU
		{78812403-AC47-4C62-94CF-5852DDF8A726}.Debug|Any CPU.ActiveCfg = Debug|Any CPU
		{78812403-AC47-4C62-94CF-5852DDF8A726}.Debug|Any CPU.Build.0 = Debug|Any CPU
		{78812403-AC47-4C62-94CF-5852DDF8A726}.Release|Any CPU.ActiveCfg = Release|Any CPU
		{78812403-AC47-4C62-94CF-5852DDF8A726}.Release|Any CPU.Build.0 = Release|Any CPU
		{61D4D425-ADFC-4482-8783-079A6E662EE9}.Debug|Any CPU.ActiveCfg = Debug|Any CPU
		{61D4D425-ADFC-4482-8783-079A6E662EE9}.Debug|Any CPU.Build.0 = Debug|Any CPU
		{61D4D425-ADFC-4482-8783-079A6E662EE9}.Release|Any CPU.ActiveCfg = Release|Any CPU
		{61D4D425-ADFC-4482-8783-079A6E662EE9}.Release|Any CPU.Build.0 = Release|Any CPU
	EndGlobalSection
	GlobalSection(SolutionProperties) = preSolution
		HideSolutionNode = FALSE
	EndGlobalSection
	GlobalSection(NestedProjects) = preSolution
		{F634E1BB-2CAE-4600-8E90-FCE44DF2AAD6} = {C76B3D50-99D2-4A29-B887-2FA1463F2536}
		{661F75EB-FF40-4A12-8085-01C328651907} = {F634E1BB-2CAE-4600-8E90-FCE44DF2AAD6}
		{5108C01F-484E-4F92-887B-E64F2FE4CFBA} = {F634E1BB-2CAE-4600-8E90-FCE44DF2AAD6}
		{1F849FE6-B72C-48F0-A546-2791B65F6501} = {9616EAB7-B8B5-4DFA-8469-46DD85DDF273}
		{39D38B0F-0277-4CE5-9285-80C5FD8BAB8F} = {1F849FE6-B72C-48F0-A546-2791B65F6501}
		{0E066ADB-C868-40DD-8981-1CBBB2E3AF42} = {49FCB61F-DB2C-4AB1-BD0C-3EDE8EAE1D27}
		{FB89BCE5-025C-4777-802A-BCBB8F5BF3CA} = {0E066ADB-C868-40DD-8981-1CBBB2E3AF42}
		{87554F05-9327-441A-9514-CDD629085359} = {8F881994-06C9-4938-953E-389777C04CE3}
		{DFF93BEF-F39A-4113-BB71-4D2D69890732} = {87554F05-9327-441A-9514-CDD629085359}
		{8186AC70-71E9-4AC0-9EFE-107A38DE1A73} = {2BA6DE94-2555-4F9F-8923-3E051E5FD2A4}
		{FEE31D60-C8A3-40E8-B852-00D74410E07C} = {8186AC70-71E9-4AC0-9EFE-107A38DE1A73}
		{91F3B45E-024E-453B-B996-BAACD06F6352} = {6DF517EE-1EAF-4525-A4D5-D7EB20815C5F}
		{3CC42380-791F-44CE-AD24-8703471AC3F2} = {91F3B45E-024E-453B-B996-BAACD06F6352}
		{E96B8087-03CC-4D30-8A5D-15B92D161C28} = {A5D813ED-7482-4E6A-8FDD-A4D0CAB2C532}
		{C7A88DA0-CA9C-4688-9195-27696292974D} = {E96B8087-03CC-4D30-8A5D-15B92D161C28}
		{2DAFC476-6DD2-4F38-A484-510C36BAAFF3} = {458AF9FA-7846-4028-A754-D8125E0C24AF}
		{7494C29F-68A5-4449-8612-D7804523B77B} = {2DAFC476-6DD2-4F38-A484-510C36BAAFF3}
		{141EBB14-9535-4BCC-9752-2CDDFC91CEBB} = {B25017B6-5351-41EB-8D98-230A391E3F81}
		{8CC9D31F-5506-4A46-832D-D8581D4A3C1A} = {141EBB14-9535-4BCC-9752-2CDDFC91CEBB}
		{41A03C82-8404-4ED7-B7AC-EE156EE9AF68} = {10D1F35E-3858-42C2-BB65-7686D98741AA}
		{850FD2B0-552A-4515-81C8-BAA8DD0072B5} = {41A03C82-8404-4ED7-B7AC-EE156EE9AF68}
		{FB4ED535-AA0E-4CC9-B9BF-CAA335CEFD33} = {41A03C82-8404-4ED7-B7AC-EE156EE9AF68}
		{B01EDB55-5FEC-4076-823D-69ABF0DD431C} = {2CA58BFC-ED2B-4CE9-B60B-425ADB37B515}
		{A0646CD5-1D17-40A4-BFD2-1F0D31092F21} = {B01EDB55-5FEC-4076-823D-69ABF0DD431C}
		{D35965F3-2551-4E99-A3C6-513CAAB45F6B} = {B01EDB55-5FEC-4076-823D-69ABF0DD431C}
		{0A25F3AE-DC89-43F9-A763-ECA092D3FD4F} = {DD41B0E0-ACF9-443D-B356-B048BB7F65E6}
		{7A1E70CF-DD24-4C1C-ACE2-8025B020A34D} = {0A25F3AE-DC89-43F9-A763-ECA092D3FD4F}
		{5AD17F41-EF27-4F45-B461-AC28234F747D} = {0A25F3AE-DC89-43F9-A763-ECA092D3FD4F}
		{78774279-F0D0-4FF6-962D-B35A80CBD671} = {D541D117-8C29-40E3-8FA1-ABE993C9A5CD}
		{E00D3CF8-4989-4B40-8D12-6CCCE0E71AC8} = {78774279-F0D0-4FF6-962D-B35A80CBD671}
		{1CD264B2-715B-4F7F-BDDF-4DF35D78C6AC} = {AE75B051-FFE1-4F68-879C-3EB9B505EE43}
		{4DDB82FF-D0A1-4D30-9337-AB6E41F469B2} = {1CD264B2-715B-4F7F-BDDF-4DF35D78C6AC}
		{78812403-AC47-4C62-94CF-5852DDF8A726} = {1CD264B2-715B-4F7F-BDDF-4DF35D78C6AC}
		{2EC6613C-831F-4C99-8CDA-921BA093C0EA} = {9013390A-5B02-45FD-93AE-9AD159FB9094}
		{61D4D425-ADFC-4482-8783-079A6E662EE9} = {2EC6613C-831F-4C99-8CDA-921BA093C0EA}
	EndGlobalSection
	GlobalSection(ExtensibilityGlobals) = postSolution
		SolutionGuid = {DF61AC6D-6763-4F7A-824B-5ABD38CE722F}
	EndGlobalSection
EndGlobal
